
Microsoft Visual Studio Solution File, Format Version 12.00
# Visual Studio 15
Project("{FAE04EC0-301F-11D3-BF4B-00C04F79EFBC}") = "3D Pracs", "Assembly-CSharp-firstpass.csproj", "{D6D0BBB2-46F7-EBC2-0164-2E5669213DEF}"
EndProject
Project("{FAE04EC0-301F-11D3-BF4B-00C04F79EFBC}") = "3D Pracs", "Assembly-CSharp.csproj", "{AEEFD856-07B1-AE5E-3520-276D54E337BA}"
EndProject
Project("{FAE04EC0-301F-11D3-BF4B-00C04F79EFBC}") = "3D Pracs", "Assembly-CSharp-Editor-firstpass.csproj", "{F42C171F-A6FF-0886-3F9D-A1F4CCB7784E}"
EndProject
Global
	GlobalSection(SolutionConfigurationPlatforms) = preSolution
		Debug|Any CPU = Debug|Any CPU
		Release|Any CPU = Release|Any CPU
	EndGlobalSection
	GlobalSection(ProjectConfigurationPlatforms) = postSolution
		{D6D0BBB2-46F7-EBC2-0164-2E5669213DEF}.Debug|Any CPU.ActiveCfg = Debug|Any CPU
		{D6D0BBB2-46F7-EBC2-0164-2E5669213DEF}.Debug|Any CPU.Build.0 = Debug|Any CPU
		{D6D0BBB2-46F7-EBC2-0164-2E5669213DEF}.Release|Any CPU.ActiveCfg = Release|Any CPU
		{D6D0BBB2-46F7-EBC2-0164-2E5669213DEF}.Release|Any CPU.Build.0 = Release|Any CPU
		{AEEFD856-07B1-AE5E-3520-276D54E337BA}.Debug|Any CPU.ActiveCfg = Debug|Any CPU
		{AEEFD856-07B1-AE5E-3520-276D54E337BA}.Debug|Any CPU.Build.0 = Debug|Any CPU
		{AEEFD856-07B1-AE5E-3520-276D54E337BA}.Release|Any CPU.ActiveCfg = Release|Any CPU
		{AEEFD856-07B1-AE5E-3520-276D54E337BA}.Release|Any CPU.Build.0 = Release|Any CPU
		{F42C171F-A6FF-0886-3F9D-A1F4CCB7784E}.Debug|Any CPU.ActiveCfg = Debug|Any CPU
		{F42C171F-A6FF-0886-3F9D-A1F4CCB7784E}.Debug|Any CPU.Build.0 = Debug|Any CPU
		{F42C171F-A6FF-0886-3F9D-A1F4CCB7784E}.Release|Any CPU.ActiveCfg = Release|Any CPU
		{F42C171F-A6FF-0886-3F9D-A1F4CCB7784E}.Release|Any CPU.Build.0 = Release|Any CPU
	EndGlobalSection
	GlobalSection(SolutionProperties) = preSolution
		HideSolutionNode = FALSE
	EndGlobalSection
EndGlobal
